<?xml version="1.0" encoding="UTF-8"?>
<CONFIG>
  <ProjectOptions>
    <Version Value="9"/>
    <General>
      <Flags>
        <LRSInOutputDirectory Value="False"/>
      </Flags>
      <MainUnit Value="0"/>
      <Title Value="BioRythm"/>
      <Icon Value="0"/>
    </General>
    <VersionInfo>
      <Language Value=""/>
      <CharSet Value=""/>
      <StringTable ProductVersion=""/>
    </VersionInfo>
    <BuildModes Count="3" Active="Debug">
      <Item1 Name="default" Default="True"/>
      <Item2 Name="Debug">
        <CompilerOptions>
          <Version Value="11"/>
          <Parsing>
            <SyntaxOptions>
              <CStyleOperator Value="False"/>
              <IncludeAssertionCode Value="True"/>
              <UseAnsiStrings Value="False"/>
            </SyntaxOptions>
          </Parsing>
          <CodeGeneration>
            <Checks>
              <IOChecks Value="True"/>
              <RangeChecks Value="True"/>
              <OverflowChecks Value="True"/>
              <StackChecks Value="True"/>
            </Checks>
          </CodeGeneration>
          <Linking>
            <Debugging>
              <DebugInfoType Value="dsDwarf2Set"/>
              <UseHeaptrc Value="True"/>
              <StripSymbols Value="True"/>
              <UseExternalDbgSyms Value="True"/>
            </Debugging>
            <Options>
              <Win32>
                <GraphicApplication Value="True"/>
              </Win32>
            </Options>
          </Linking>
        </CompilerOptions>
      </Item2>
      <Item3 Name="Release">
        <CompilerOptions>
          <Version Value="11"/>
          <Parsing>
            <SyntaxOptions>
              <CStyleOperator Value="False"/>
              <UseAnsiStrings Value="False"/>
            </SyntaxOptions>
          </Parsing>
          <CodeGeneration>
            <SmartLinkUnit Value="True"/>
            <Optimizations>
              <OptimizationLevel Value="3"/>
            </Optimizations>
          </CodeGeneration>
          <Linking>
            <Debugging>
              <GenerateDebugInfo Value="False"/>
              <StripSymbols Value="True"/>
            </Debugging>
            <LinkSmart Value="True"/>
            <Options>
              <Win32>
                <GraphicApplication Value="True"/>
              </Win32>
            </Options>
          </Linking>
        </CompilerOptions>
      </Item3>
    </BuildModes>
    <PublishOptions>
      <Version Value="2"/>
      <IgnoreBinaries Value="False"/>
      <IncludeFileFilter Value="*.(pas|pp|inc|lfm|lpr|lrs|lpi|lpk|sh|xml)"/>
      <ExcludeFileFilter Value="*.(bak|ppu|ppw|o|so);*~;backup"/>
    </PublishOptions>
    <RunParams>
      <local>
        <FormatVersion Value="1"/>
        <LaunchingApplication PathPlusParams="/usr/X11R6/bin/xterm -T 'Lazarus Run Output' -e $(LazarusDir)/tools/runwait.sh $(TargetCmdLine)"/>
        <WorkingDirectory Value="/home/martin"/>
      </local>
    </RunParams>
    <RequiredPackages Count="3">
      <Item1>
        <PackageName Value="SQLDBLaz"/>
        <MinVersion Major="1" Release="1" Valid="True"/>
      </Item1>
      <Item2>
        <PackageName Value="LCL"/>
      </Item2>
      <Item3>
        <PackageName Value="FCL"/>
        <MinVersion Major="1" Valid="True"/>
      </Item3>
    </RequiredPackages>
    <Units Count="16">
      <Unit0>
        <Filename Value="BioRythm.lpr"/>
        <IsPartOfProject Value="True"/>
        <CursorPos X="19" Y="9"/>
        <UsageCount Value="53"/>
        <Loaded Value="True"/>
        <LoadedDesigner Value="True"/>
      </Unit0>
      <Unit1>
        <Filename Value="uMain.pas"/>
        <IsPartOfProject Value="True"/>
        <ComponentName Value="frmMain"/>
        <HasResources Value="True"/>
        <ResourceBaseClass Value="Form"/>
        <IsVisibleTab Value="True"/>
        <EditorIndex Value="1"/>
        <TopLine Value="73"/>
        <CursorPos X="19" Y="128"/>
        <UsageCount Value="53"/>
        <Bookmarks Count="3">
          <Item0 X="11" Y="494" ID="3"/>
          <Item1 X="6" Y="289" ID="2"/>
          <Item2 X="5" Y="523" ID="1"/>
        </Bookmarks>
        <Loaded Value="True"/>
        <LoadedDesigner Value="True"/>
      </Unit1>
      <Unit2>
        <Filename Value="BioRythm.lpi"/>
        <CursorPos X="54" Y="14"/>
        <UsageCount Value="9"/>
        <DefaultSyntaxHighlighter Value="XML"/>
      </Unit2>
      <Unit3>
        <Filename Value="../../usr/lib/lazarus/components/sdf/registersdf.pas"/>
        <UnitName Value="RegisterSDF"/>
        <CursorPos X="43" Y="25"/>
        <UsageCount Value="9"/>
      </Unit3>
      <Unit4>
        <Filename Value="../../usr/lib/lazarus/lcl/extctrls.pp"/>
        <UnitName Value="ExtCtrls"/>
        <TopLine Value="1145"/>
        <CursorPos X="14" Y="1165"/>
        <UsageCount Value="9"/>
      </Unit4>
      <Unit5>
        <Filename Value="../slovicka/main.pas"/>
        <ComponentName Value="frmMain"/>
        <HasResources Value="True"/>
        <ResourceBaseClass Value="Form"/>
        <CursorPos X="57" Y="9"/>
        <UsageCount Value="9"/>
      </Unit5>
      <Unit6>
        <Filename Value="../../../programs/lazarus/components/sqlite/registersqlite3.pas"/>
        <TopLine Value="15"/>
        <UsageCount Value="9"/>
      </Unit6>
      <Unit7>
        <Filename Value="../../../programs/lazarus/components/printers/win32/winprndialogs.inc"/>
        <TopLine Value="184"/>
        <CursorPos X="66" Y="211"/>
        <UsageCount Value="9"/>
      </Unit7>
      <Unit8>
        <Filename Value="/usr/lib/lazarus/1.0.10/lcl/lclclasses.pp"/>
        <UnitName Value="LCLClasses"/>
        <EditorIndex Value="-1"/>
        <TopLine Value="17"/>
        <CursorPos X="10" Y="32"/>
        <UsageCount Value="9"/>
      </Unit8>
      <Unit9>
        <Filename Value="/usr/lib/lazarus/1.0.10/lcl/menus.pp"/>
        <UnitName Value="Menus"/>
        <TopLine Value="33"/>
        <CursorPos X="20" Y="48"/>
        <UsageCount Value="9"/>
      </Unit9>
      <Unit10>
        <Filename Value="uonscreen.pas"/>
        <ComponentName Value="ScrMessage"/>
        <HasResources Value="True"/>
        <ResourceBaseClass Value="Form"/>
        <UnitName Value="uOnscreen"/>
        <EditorIndex Value="-1"/>
        <TopLine Value="13"/>
        <CursorPos X="3" Y="46"/>
        <UsageCount Value="19"/>
      </Unit10>
      <Unit11>
        <Filename Value="/usr/lib/lazarus/1.6/lcl/include/customform.inc"/>
        <EditorIndex Value="-1"/>
        <TopLine Value="972"/>
        <CursorPos X="40" Y="977"/>
        <UsageCount Value="10"/>
      </Unit11>
      <Unit12>
        <Filename Value="usettings.pas"/>
        <IsPartOfProject Value="True"/>
        <ComponentName Value="frmSettings"/>
        <HasResources Value="True"/>
        <ResourceBaseClass Value="Form"/>
        <UnitName Value="uSettings"/>
        <EditorIndex Value="2"/>
        <TopLine Value="48"/>
        <CursorPos X="60" Y="63"/>
        <UsageCount Value="28"/>
        <Loaded Value="True"/>
        <LoadedDesigner Value="True"/>
      </Unit12>
      <Unit13>
        <Filename Value="/usr/lib/lazarus/1.6/lcl/forms.pp"/>
        <UnitName Value="Forms"/>
        <EditorIndex Value="-1"/>
        <TopLine Value="44"/>
        <CursorPos X="29" Y="63"/>
        <UsageCount Value="11"/>
      </Unit13>
      <Unit14>
        <Filename Value="/usr/lib/lazarus/1.6/lcl/include/application.inc"/>
        <EditorIndex Value="-1"/>
        <TopLine Value="1332"/>
        <CursorPos X="3" Y="1336"/>
        <UsageCount Value="10"/>
      </Unit14>
      <Unit15>
        <Filename Value="/usr/lib/lazarus/1.6/lcl/extctrls.pp"/>
        <UnitName Value="ExtCtrls"/>
        <EditorIndex Value="-1"/>
        <TopLine Value="1221"/>
        <CursorPos X="45" Y="1241"/>
        <UsageCount Value="11"/>
      </Unit15>
    </Units>
    <JumpHistory Count="30" HistoryIndex="29">
      <Position1>
        <Filename Value="uMain.pas"/>
        <Caret Line="113" Column="27" TopLine="92"/>
      </Position1>
      <Position2>
        <Filename Value="uMain.pas"/>
        <Caret Line="519" Column="5" TopLine="481"/>
      </Position2>
      <Position3>
        <Filename Value="uMain.pas"/>
      </Position3>
      <Position4>
        <Filename Value="uMain.pas"/>
        <Caret Line="20" Column="20"/>
      </Position4>
      <Position5>
        <Filename Value="uMain.pas"/>
        <Caret Line="199" Column="17" TopLine="196"/>
      </Position5>
      <Position6>
        <Filename Value="uMain.pas"/>
        <Caret Line="185" Column="12" TopLine="151"/>
      </Position6>
      <Position7>
        <Filename Value="uMain.pas"/>
        <Caret Line="522" Column="72" TopLine="485"/>
      </Position7>
      <Position8>
        <Filename Value="uMain.pas"/>
        <Caret Line="523" TopLine="485"/>
      </Position8>
      <Position9>
        <Filename Value="uMain.pas"/>
        <Caret Line="524" TopLine="485"/>
      </Position9>
      <Position10>
        <Filename Value="uMain.pas"/>
        <Caret Line="20" Column="20"/>
      </Position10>
      <Position11>
        <Filename Value="uMain.pas"/>
        <Caret Line="196" Column="6" TopLine="171"/>
      </Position11>
      <Position12>
        <Filename Value="uMain.pas"/>
        <Caret Line="381" Column="3" TopLine="379"/>
      </Position12>
      <Position13>
        <Filename Value="uMain.pas"/>
        <Caret Line="522" TopLine="485"/>
      </Position13>
      <Position14>
        <Filename Value="uMain.pas"/>
        <Caret Line="523" TopLine="485"/>
      </Position14>
      <Position15>
        <Filename Value="uMain.pas"/>
        <Caret Line="381" TopLine="358"/>
      </Position15>
      <Position16>
        <Filename Value="uMain.pas"/>
        <Caret Line="382" Column="25" TopLine="358"/>
      </Position16>
      <Position17>
        <Filename Value="usettings.pas"/>
        <Caret Line="85" Column="96" TopLine="45"/>
      </Position17>
      <Position18>
        <Filename Value="usettings.pas"/>
        <Caret Line="63" Column="57" TopLine="48"/>
      </Position18>
      <Position19>
        <Filename Value="uMain.pas"/>
        <Caret Line="124" Column="19" TopLine="108"/>
      </Position19>
      <Position20>
        <Filename Value="uMain.pas"/>
        <Caret Line="434" Column="71" TopLine="397"/>
      </Position20>
      <Position21>
        <Filename Value="usettings.pas"/>
        <Caret Line="63" Column="50" TopLine="48"/>
      </Position21>
      <Position22>
        <Filename Value="usettings.pas"/>
        <Caret Line="85" Column="104" TopLine="48"/>
      </Position22>
      <Position23>
        <Filename Value="usettings.pas"/>
        <Caret Line="63" Column="60" TopLine="48"/>
      </Position23>
      <Position24>
        <Filename Value="uMain.pas"/>
        <Caret Line="522" Column="73" TopLine="487"/>
      </Position24>
      <Position25>
        <Filename Value="uMain.pas"/>
        <Caret Line="381" TopLine="359"/>
      </Position25>
      <Position26>
        <Filename Value="uMain.pas"/>
        <Caret Line="522" TopLine="223"/>
      </Position26>
      <Position27>
        <Filename Value="uMain.pas"/>
        <Caret Line="171" TopLine="149"/>
      </Position27>
      <Position28>
        <Filename Value="uMain.pas"/>
        <Caret Line="102" Column="15" TopLine="81"/>
      </Position28>
      <Position29>
        <Filename Value="uMain.pas"/>
        <Caret Line="185" Column="8" TopLine="149"/>
      </Position29>
      <Position30>
        <Filename Value="uMain.pas"/>
        <Caret Line="522" Column="63" TopLine="487"/>
      </Position30>
    </JumpHistory>
  </ProjectOptions>
  <CompilerOptions>
    <Version Value="11"/>
    <Parsing>
      <SyntaxOptions>
        <CStyleOperator Value="False"/>
        <UseAnsiStrings Value="False"/>
      </SyntaxOptions>
    </Parsing>
    <Linking>
      <Debugging>
        <StripSymbols Value="True"/>
      </Debugging>
      <Options>
        <Win32>
          <GraphicApplication Value="True"/>
        </Win32>
      </Options>
    </Linking>
  </CompilerOptions>
  <Debugging>
    <BreakPoints Count="1">
      <Item1>
        <Kind Value="bpkSource"/>
        <WatchScope Value="wpsLocal"/>
        <WatchKind Value="wpkWrite"/>
        <Source Value="uonscreen.pas"/>
        <Line Value="35"/>
      </Item1>
    </BreakPoints>
    <Watches Count="2">
      <Item1>
        <Expression Value="frmMain.WindowState"/>
      </Item1>
      <Item2>
        <Expression Value="frmMain.visible"/>
      </Item2>
    </Watches>
    <Exceptions Count="2">
      <Item1>
        <Name Value="ECodetoolError"/>
      </Item1>
      <Item2>
        <Name Value="EFOpenError"/>
      </Item2>
    </Exceptions>
  </Debugging>
</CONFIG>
